
Microsoft Visual Studio Solution File, Format Version 12.00
# Visual Studio Version 17
VisualStudioVersion = 17.7.34031.279
MinimumVisualStudioVersion = 10.0.40219.1
Project("{FAE04EC0-301F-11D3-BF4B-00C04F79EFBC}") = "WebApi", "WebApi\WebApi.csproj", "{8FA9F31B-10D9-4F74-A0D5-3A1B8B3DB3DC}"
EndProject
Global
	GlobalSection(SolutionConfigurationPlatforms) = preSolution
		Debug|Any CPU = Debug|Any CPU
		Release|Any CPU = Release|Any CPU
	EndGlobalSection
	GlobalSection(ProjectConfigurationPlatforms) = postSolution
		{8FA9F31B-10D9-4F74-A0D5-3A1B8B3DB3DC}.Debug|Any CPU.ActiveCfg = Debug|Any CPU
		{8FA9F31B-10D9-4F74-A0D5-3A1B8B3DB3DC}.Debug|Any CPU.Build.0 = Debug|Any CPU
		{8FA9F31B-10D9-4F74-A0D5-3A1B8B3DB3DC}.Release|Any CPU.ActiveCfg = Release|Any CPU
		{8FA9F31B-10D9-4F74-A0D5-3A1B8B3DB3DC}.Release|Any CPU.Build.0 = Release|Any CPU
	EndGlobalSection
	GlobalSection(SolutionProperties) = preSolution
		HideSolutionNode = FALSE
	EndGlobalSection
	GlobalSection(ExtensibilityGlobals) = postSolution
		SolutionGuid = {2B649A29-434B-401A-BF25-947AB0F16AFE}
	EndGlobalSection
EndGlobal
